
Microsoft Visual Studio Solution File, Format Version 12.00
# Visual Studio Version 16
VisualStudioVersion = 16.0.30907.101
MinimumVisualStudioVersion = 10.0.40219.1
Project("{FAE04EC0-301F-11D3-BF4B-00C04F79EFBC}") = "Material", "Material.csproj", "{386AA897-2F07-4214-9C56-4D196BED0A8A}"
EndProject
Project("{9A19103F-16F7-4668-BE54-9A1E7A4F7556}") = "Extensions", "..\Extensions\Extensions.csproj", "{F55421A4-EB8E-49A1-804E-67596F23601E}"
EndProject
Project("{9A19103F-16F7-4668-BE54-9A1E7A4F7556}") = "On-Plane-Components", "..\On-Plane-Components\On-Plane-Components.csproj", "{66CD35AB-CEF4-4797-A2C1-AC0EF86E5D9E}"
EndProject
Global
	GlobalSection(SolutionConfigurationPlatforms) = preSolution
		Debug|Any CPU = Debug|Any CPU
		Release|Any CPU = Release|Any CPU
	EndGlobalSection
	GlobalSection(ProjectConfigurationPlatforms) = postSolution
		{386AA897-2F07-4214-9C56-4D196BED0A8A}.Debug|Any CPU.ActiveCfg = Debug|Any CPU
		{386AA897-2F07-4214-9C56-4D196BED0A8A}.Debug|Any CPU.Build.0 = Debug|Any CPU
		{386AA897-2F07-4214-9C56-4D196BED0A8A}.Release|Any CPU.ActiveCfg = Release|Any CPU
		{386AA897-2F07-4214-9C56-4D196BED0A8A}.Release|Any CPU.Build.0 = Release|Any CPU
		{F55421A4-EB8E-49A1-804E-67596F23601E}.Debug|Any CPU.ActiveCfg = Debug|Any CPU
		{F55421A4-EB8E-49A1-804E-67596F23601E}.Debug|Any CPU.Build.0 = Debug|Any CPU
		{F55421A4-EB8E-49A1-804E-67596F23601E}.Release|Any CPU.ActiveCfg = Release|Any CPU
		{F55421A4-EB8E-49A1-804E-67596F23601E}.Release|Any CPU.Build.0 = Release|Any CPU
		{66CD35AB-CEF4-4797-A2C1-AC0EF86E5D9E}.Debug|Any CPU.ActiveCfg = Debug|Any CPU
		{66CD35AB-CEF4-4797-A2C1-AC0EF86E5D9E}.Debug|Any CPU.Build.0 = Debug|Any CPU
		{66CD35AB-CEF4-4797-A2C1-AC0EF86E5D9E}.Release|Any CPU.ActiveCfg = Release|Any CPU
		{66CD35AB-CEF4-4797-A2C1-AC0EF86E5D9E}.Release|Any CPU.Build.0 = Release|Any CPU
	EndGlobalSection
	GlobalSection(SolutionProperties) = preSolution
		HideSolutionNode = FALSE
	EndGlobalSection
	GlobalSection(ExtensibilityGlobals) = postSolution
		SolutionGuid = {E12B79E4-4A87-4990-828A-E76AAE846560}
	EndGlobalSection
EndGlobal
